
Microsoft Visual Studio Solution File, Format Version 12.00
# Visual Studio Version 16
VisualStudioVersion = 16.0.33801.447
MinimumVisualStudioVersion = 10.0.40219.1
Project("{FAE04EC0-301F-11D3-BF4B-00C04F79EFBC}") = "PackageExpressAssignment", "PackageExpressAssignment\PackageExpressAssignment.csproj", "{D3F7BD10-434C-40D1-853C-08F2E37D4CDD}"
EndProject
Global
	GlobalSection(SolutionConfigurationPlatforms) = preSolution
		Debug|Any CPU = Debug|Any CPU
		Release|Any CPU = Release|Any CPU
	EndGlobalSection
	GlobalSection(ProjectConfigurationPlatforms) = postSolution
		{D3F7BD10-434C-40D1-853C-08F2E37D4CDD}.Debug|Any CPU.ActiveCfg = Debug|Any CPU
		{D3F7BD10-434C-40D1-853C-08F2E37D4CDD}.Debug|Any CPU.Build.0 = Debug|Any CPU
		{D3F7BD10-434C-40D1-853C-08F2E37D4CDD}.Release|Any CPU.ActiveCfg = Release|Any CPU
		{D3F7BD10-434C-40D1-853C-08F2E37D4CDD}.Release|Any CPU.Build.0 = Release|Any CPU
	EndGlobalSection
	GlobalSection(SolutionProperties) = preSolution
		HideSolutionNode = FALSE
	EndGlobalSection
	GlobalSection(ExtensibilityGlobals) = postSolution
		SolutionGuid = {0D2DE802-F0C0-40C6-B4B2-F3F1590714BB}
	EndGlobalSection
EndGlobal
