
Microsoft Visual Studio Solution File, Format Version 12.00
# Visual Studio Version 16
VisualStudioVersion = 16.0.33801.447
MinimumVisualStudioVersion = 10.0.40219.1
Project("{FAE04EC0-301F-11D3-BF4B-00C04F79EFBC}") = "Constructor", "Constructor\Constructor.csproj", "{366BE67E-D128-4B6B-939B-51BB37E12CBC}"
EndProject
Global
	GlobalSection(SolutionConfigurationPlatforms) = preSolution
		Debug|Any CPU = Debug|Any CPU
		Release|Any CPU = Release|Any CPU
	EndGlobalSection
	GlobalSection(ProjectConfigurationPlatforms) = postSolution
		{366BE67E-D128-4B6B-939B-51BB37E12CBC}.Debug|Any CPU.ActiveCfg = Debug|Any CPU
		{366BE67E-D128-4B6B-939B-51BB37E12CBC}.Debug|Any CPU.Build.0 = Debug|Any CPU
		{366BE67E-D128-4B6B-939B-51BB37E12CBC}.Release|Any CPU.ActiveCfg = Release|Any CPU
		{366BE67E-D128-4B6B-939B-51BB37E12CBC}.Release|Any CPU.Build.0 = Release|Any CPU
	EndGlobalSection
	GlobalSection(SolutionProperties) = preSolution
		HideSolutionNode = FALSE
	EndGlobalSection
	GlobalSection(ExtensibilityGlobals) = postSolution
		SolutionGuid = {F5377056-ED6F-4AC3-88E5-54BF10A15E48}
	EndGlobalSection
EndGlobal
