
Microsoft Visual Studio Solution File, Format Version 12.00
# Visual Studio Version 16
VisualStudioVersion = 16.0.33801.447
MinimumVisualStudioVersion = 10.0.40219.1
Project("{FAE04EC0-301F-11D3-BF4B-00C04F79EFBC}") = "Method", "Method\Method.csproj", "{3806A2C5-6350-467E-941B-C0837B30E880}"
EndProject
Global
	GlobalSection(SolutionConfigurationPlatforms) = preSolution
		Debug|Any CPU = Debug|Any CPU
		Release|Any CPU = Release|Any CPU
	EndGlobalSection
	GlobalSection(ProjectConfigurationPlatforms) = postSolution
		{3806A2C5-6350-467E-941B-C0837B30E880}.Debug|Any CPU.ActiveCfg = Debug|Any CPU
		{3806A2C5-6350-467E-941B-C0837B30E880}.Debug|Any CPU.Build.0 = Debug|Any CPU
		{3806A2C5-6350-467E-941B-C0837B30E880}.Release|Any CPU.ActiveCfg = Release|Any CPU
		{3806A2C5-6350-467E-941B-C0837B30E880}.Release|Any CPU.Build.0 = Release|Any CPU
	EndGlobalSection
	GlobalSection(SolutionProperties) = preSolution
		HideSolutionNode = FALSE
	EndGlobalSection
	GlobalSection(ExtensibilityGlobals) = postSolution
		SolutionGuid = {3A8CFE16-FAEA-4D40-97B6-B897F5E8DAB1}
	EndGlobalSection
EndGlobal
