
Microsoft Visual Studio Solution File, Format Version 12.00
# Visual Studio Version 17
VisualStudioVersion = 17.6.33829.357
MinimumVisualStudioVersion = 10.0.40219.1
Project("{FAE04EC0-301F-11D3-BF4B-00C04F79EFBC}") = "DOTNETCOREChallenge", "DOTNETCOREChallenge\DOTNETCOREChallenge.csproj", "{CCF954DE-D94F-4BA5-AEF1-75CBECA76A4B}"
EndProject
Global
	GlobalSection(SolutionConfigurationPlatforms) = preSolution
		Debug|Any CPU = Debug|Any CPU
		Release|Any CPU = Release|Any CPU
	EndGlobalSection
	GlobalSection(ProjectConfigurationPlatforms) = postSolution
		{CCF954DE-D94F-4BA5-AEF1-75CBECA76A4B}.Debug|Any CPU.ActiveCfg = Debug|Any CPU
		{CCF954DE-D94F-4BA5-AEF1-75CBECA76A4B}.Debug|Any CPU.Build.0 = Debug|Any CPU
		{CCF954DE-D94F-4BA5-AEF1-75CBECA76A4B}.Release|Any CPU.ActiveCfg = Release|Any CPU
		{CCF954DE-D94F-4BA5-AEF1-75CBECA76A4B}.Release|Any CPU.Build.0 = Release|Any CPU
	EndGlobalSection
	GlobalSection(SolutionProperties) = preSolution
		HideSolutionNode = FALSE
	EndGlobalSection
	GlobalSection(ExtensibilityGlobals) = postSolution
		SolutionGuid = {34C94D22-18D2-425D-A770-2521A41DAFC3}
	EndGlobalSection
EndGlobal
