
Microsoft Visual Studio Solution File, Format Version 12.00
# Visual Studio Version 16
VisualStudioVersion = 16.0.33801.447
MinimumVisualStudioVersion = 10.0.40219.1
Project("{FAE04EC0-301F-11D3-BF4B-00C04F79EFBC}") = "Iteration", "Iteration\Iteration.csproj", "{6A405BC1-4692-4490-8A71-609B4A75C8F7}"
EndProject
Global
	GlobalSection(SolutionConfigurationPlatforms) = preSolution
		Debug|Any CPU = Debug|Any CPU
		Release|Any CPU = Release|Any CPU
	EndGlobalSection
	GlobalSection(ProjectConfigurationPlatforms) = postSolution
		{6A405BC1-4692-4490-8A71-609B4A75C8F7}.Debug|Any CPU.ActiveCfg = Debug|Any CPU
		{6A405BC1-4692-4490-8A71-609B4A75C8F7}.Debug|Any CPU.Build.0 = Debug|Any CPU
		{6A405BC1-4692-4490-8A71-609B4A75C8F7}.Release|Any CPU.ActiveCfg = Release|Any CPU
		{6A405BC1-4692-4490-8A71-609B4A75C8F7}.Release|Any CPU.Build.0 = Release|Any CPU
	EndGlobalSection
	GlobalSection(SolutionProperties) = preSolution
		HideSolutionNode = FALSE
	EndGlobalSection
	GlobalSection(ExtensibilityGlobals) = postSolution
		SolutionGuid = {050E9528-2184-4936-B09E-F2BE0C83A3EC}
	EndGlobalSection
EndGlobal
