
Microsoft Visual Studio Solution File, Format Version 12.00
# Visual Studio Version 16
VisualStudioVersion = 16.0.33801.447
MinimumVisualStudioVersion = 10.0.40219.1
Project("{FAE04EC0-301F-11D3-BF4B-00C04F79EFBC}") = "StringsAndIntegersApp", "StringsAndIntegersApp\StringsAndIntegersApp.csproj", "{36D907B8-0AB4-44C6-A836-7C8AC7973E5E}"
EndProject
Global
	GlobalSection(SolutionConfigurationPlatforms) = preSolution
		Debug|Any CPU = Debug|Any CPU
		Release|Any CPU = Release|Any CPU
	EndGlobalSection
	GlobalSection(ProjectConfigurationPlatforms) = postSolution
		{36D907B8-0AB4-44C6-A836-7C8AC7973E5E}.Debug|Any CPU.ActiveCfg = Debug|Any CPU
		{36D907B8-0AB4-44C6-A836-7C8AC7973E5E}.Debug|Any CPU.Build.0 = Debug|Any CPU
		{36D907B8-0AB4-44C6-A836-7C8AC7973E5E}.Release|Any CPU.ActiveCfg = Release|Any CPU
		{36D907B8-0AB4-44C6-A836-7C8AC7973E5E}.Release|Any CPU.Build.0 = Release|Any CPU
	EndGlobalSection
	GlobalSection(SolutionProperties) = preSolution
		HideSolutionNode = FALSE
	EndGlobalSection
	GlobalSection(ExtensibilityGlobals) = postSolution
		SolutionGuid = {64AEC397-FE1D-41DB-81D8-AE55039EA9AD}
	EndGlobalSection
EndGlobal
