
Microsoft Visual Studio Solution File, Format Version 12.00
# Visual Studio Version 16
VisualStudioVersion = 16.0.33801.447
MinimumVisualStudioVersion = 10.0.40219.1
Project("{FAE04EC0-301F-11D3-BF4B-00C04F79EFBC}") = "TimeAssignment", "DateTime\TimeAssignment.csproj", "{7DB25AC8-BC02-421B-A244-B389BAB6E824}"
EndProject
Global
	GlobalSection(SolutionConfigurationPlatforms) = preSolution
		Debug|Any CPU = Debug|Any CPU
		Release|Any CPU = Release|Any CPU
	EndGlobalSection
	GlobalSection(ProjectConfigurationPlatforms) = postSolution
		{7DB25AC8-BC02-421B-A244-B389BAB6E824}.Debug|Any CPU.ActiveCfg = Debug|Any CPU
		{7DB25AC8-BC02-421B-A244-B389BAB6E824}.Debug|Any CPU.Build.0 = Debug|Any CPU
		{7DB25AC8-BC02-421B-A244-B389BAB6E824}.Release|Any CPU.ActiveCfg = Release|Any CPU
		{7DB25AC8-BC02-421B-A244-B389BAB6E824}.Release|Any CPU.Build.0 = Release|Any CPU
	EndGlobalSection
	GlobalSection(SolutionProperties) = preSolution
		HideSolutionNode = FALSE
	EndGlobalSection
	GlobalSection(ExtensibilityGlobals) = postSolution
		SolutionGuid = {B02C278C-1500-41A9-94F8-B61A2CE67A09}
	EndGlobalSection
EndGlobal
